<?xml version="1.0" encoding="utf-8"?>
<Project ToolsVersion="4.0" xmlns="http://schemas.microsoft.com/developer/msbuild/2003">
  <ItemGroup>
    <Filter Include="Source Files">
      <UniqueIdentifier>{4FC737F1-C7A5-4376-A066-2A32D752A2FF}</UniqueIdentifier>
      <Extensions>cpp;c;cc;cxx;c++;cppm;ixx;def;odl;idl;hpj;bat;asm;asmx</Extensions>
    </Filter>
    <Filter Include="Header Files">
      <UniqueIdentifier>{93995380-89BD-4b04-88EB-625FBE52EBFB}</UniqueIdentifier>
      <Extensions>h;hh;hpp;hxx;h++;hm;inl;inc;ipp;xsd</Extensions>
    </Filter>
    <Filter Include="Resource Files">
      <UniqueIdentifier>{67DA6AB6-F800-4c08-8B7A-83BB121AAD01}</UniqueIdentifier>
      <Extensions>rc;ico;cur;bmp;dlg;rc2;rct;bin;rgs;gif;jpg;jpeg;jpe;resx;tiff;tif;png;wav;mfcribbon-ms</Extensions>
    </Filter>
    <Filter Include="Source Files\ImGui">
      <UniqueIdentifier>{43e90639-5ea3-4b57-ab74-1a99793b16ff}</UniqueIdentifier>
    </Filter>
    <Filter Include="Source Files\NativeFileDialog">
      <UniqueIdentifier>{485bdbe4-7318-4b44-b279-f4cff693b57c}</UniqueIdentifier>
    </Filter>
    <Filter Include="Header Files\ImGui">
      <UniqueIdentifier>{4334e804-519c-4261-b550-372b95a0dc8a}</UniqueIdentifier>
    </Filter>
    <Filter Include="Header Files\NativeFileDialog">
      <UniqueIdentifier>{f15f98c9-f3ac-4724-9e62-6b28e34905f1}</UniqueIdentifier>
    </Filter>
    <Filter Include="Header Files\SQLite">
      <UniqueIdentifier>{3b5bda26-1cb4-4593-b068-79474874f3fe}</UniqueIdentifier>
    </Filter>
    <Filter Include="Source Files\SQLite">
      <UniqueIdentifier>{f12816ce-7f3f-4cdc-abc5-55db7df42d2a}</UniqueIdentifier>
    </Filter>
  </ItemGroup>
  <ItemGroup>
    <ClInclude Include="lib\imgui\imconfig.h">
      <Filter>Header Files\ImGui</Filter>
    </ClInclude>
    <ClInclude Include="lib\imgui\imgui.h">
      <Filter>Header Files\ImGui</Filter>
    </ClInclude>
    <ClInclude Include="lib\imgui\imgui_internal.h">
      <Filter>Header Files\ImGui</Filter>
    </ClInclude>
    <ClInclude Include="lib\imgui\imstb_rectpack.h">
      <Filter>Header Files\ImGui</Filter>
    </ClInclude>
    <ClInclude Include="lib\imgui\imstb_textedit.h">
      <Filter>Header Files\ImGui</Filter>
    </ClInclude>
    <ClInclude Include="lib\imgui\imstb_truetype.h">
      <Filter>Header Files\ImGui</Filter>
    </ClInclude>
    <ClInclude Include="lib\imgui\backends\imgui_impl_opengl3.h">
      <Filter>Header Files\ImGui</Filter>
    </ClInclude>
    <ClInclude Include="lib\imgui\backends\imgui_impl_opengl3_loader.h">
      <Filter>Header Files\ImGui</Filter>
    </ClInclude>
    <ClInclude Include="lib\imgui\backends\imgui_impl_sdl.h">
      <Filter>Header Files\ImGui</Filter>
    </ClInclude>
    <ClInclude Include="lib\ImGuiColorTextEdit\TextEditor.h">
      <Filter>Header Files\ImGui</Filter>
    </ClInclude>
    <ClInclude Include="lib\nativefiledialog\src\include\nfd.h">
      <Filter>Header Files\NativeFileDialog</Filter>
    </ClInclude>
    <ClInclude Include="lib\nativefiledialog\src\include\nfd.hpp">
      <Filter>Header Files\NativeFileDialog</Filter>
    </ClInclude>
    <ClInclude Include="lib\sqlite\sqlite-amalgamation-3390400\sqlite3.h">
      <Filter>Header Files\SQLite</Filter>
    </ClInclude>
    <ClInclude Include="lib\sqlite\sqlite-amalgamation-3390400\sqlite3ext.h">
      <Filter>Header Files\SQLite</Filter>
    </ClInclude>
  </ItemGroup>
  <ItemGroup>
    <ClCompile Include="src\file_dialog.cpp">
      <Filter>Source Files</Filter>
    </ClCompile>
    <ClCompile Include="src\main.cpp">
      <Filter>Source Files</Filter>
    </ClCompile>
    <ClCompile Include="src\provision.cpp">
      <Filter>Source Files</Filter>
    </ClCompile>
    <ClCompile Include="src\script_editor.cpp">
      <Filter>Source Files</Filter>
    </ClCompile>
    <ClCompile Include="src\spect.cpp">
      <Filter>Source Files</Filter>
    </ClCompile>
    <ClCompile Include="src\spect_config.cpp">
      <Filter>Source Files</Filter>
    </ClCompile>
    <ClCompile Include="src\spect_effect_slots.cpp">
      <Filter>Source Files</Filter>
    </ClCompile>
    <ClCompile Include="src\spect_hardware_channels.cpp">
      <Filter>Source Files</Filter>
    </ClCompile>
    <ClCompile Include="src\spect_hardware_triggers.cpp">
      <Filter>Source Files</Filter>
    </ClCompile>
    <ClCompile Include="src\spect_network_nodes.cpp">
      <Filter>Source Files</Filter>
    </ClCompile>
    <ClCompile Include="src\spect_script.cpp">
      <Filter>Source Files</Filter>
    </ClCompile>
    <ClCompile Include="lib\imgui\backends\imgui_impl_sdl.cpp">
      <Filter>Source Files\ImGui</Filter>
    </ClCompile>
    <ClCompile Include="lib\imgui\backends\imgui_impl_opengl3.cpp">
      <Filter>Source Files\ImGui</Filter>
    </ClCompile>
    <ClCompile Include="lib\imgui\imgui.cpp">
      <Filter>Source Files\ImGui</Filter>
    </ClCompile>
    <ClCompile Include="lib\imgui\imgui_demo.cpp">
      <Filter>Source Files\ImGui</Filter>
    </ClCompile>
    <ClCompile Include="lib\imgui\imgui_draw.cpp">
      <Filter>Source Files\ImGui</Filter>
    </ClCompile>
    <ClCompile Include="lib\imgui\imgui_tables.cpp">
      <Filter>Source Files\ImGui</Filter>
    </ClCompile>
    <ClCompile Include="lib\imgui\imgui_widgets.cpp">
      <Filter>Source Files\ImGui</Filter>
    </ClCompile>
    <ClCompile Include="lib\ImGuiColorTextEdit\TextEditor.cpp">
      <Filter>Source Files\ImGui</Filter>
    </ClCompile>
    <ClCompile Include="lib\nativefiledialog\src\nfd_win.cpp">
      <Filter>Source Files\NativeFileDialog</Filter>
    </ClCompile>
    <ClCompile Include="lib\sqlite\sqlite-amalgamation-3390400\sqlite3.c">
      <Filter>Source Files\SQLite</Filter>
    </ClCompile>
  </ItemGroup>
</Project>